// !$*UTF8*$!
{
	archiveVersion = 1;
	classes = {
	};
	objectVersion = 46;
	objects = {

/* Begin PBXBuildFile section */
		3F4372DF1E269253009C8D58 /* IntentHandler.swift in Sources */ = {isa = PBXBuildFile; fileRef = 3F4372DE1E269253009C8D58 /* IntentHandler.swift */; };
		3F4372E81E269253009C8D58 /* IntentsUI.framework in Frameworks */ = {isa = PBXBuildFile; fileRef = 3F4372E71E269253009C8D58 /* IntentsUI.framework */; };
		3F4372EB1E269253009C8D58 /* IntentViewController.swift in Sources */ = {isa = PBXBuildFile; fileRef = 3F4372EA1E269253009C8D58 /* IntentViewController.swift */; };
		3F4372EE1E269253009C8D58 /* MainInterface.storyboard in Resources */ = {isa = PBXBuildFile; fileRef = 3F4372EC1E269253009C8D58 /* MainInterface.storyboard */; };
		3F4372F21E269253009C8D58 /* JarvisUI.appex in Embed App Extensions */ = {isa = PBXBuildFile; fileRef = 3F4372E51E269253009C8D58 /* JarvisUI.appex */; settings = {ATTRIBUTES = (RemoveHeadersOnCopy, ); }; };
		3F4372F51E269253009C8D58 /* Jarvis.appex in Embed App Extensions */ = {isa = PBXBuildFile; fileRef = 3F4372DC1E269253009C8D58 /* Jarvis.appex */; settings = {ATTRIBUTES = (RemoveHeadersOnCopy, ); }; };
		3F4372FE1E2694F1009C8D58 /* Handler.swift in Sources */ = {isa = PBXBuildFile; fileRef = 3F4372FD1E2694F1009C8D58 /* Handler.swift */; };
		3F75479B1E25423F00A126BA /* AppDelegate.swift in Sources */ = {isa = PBXBuildFile; fileRef = 3F75479A1E25423F00A126BA /* AppDelegate.swift */; };
		3F75479D1E25423F00A126BA /* ViewController.swift in Sources */ = {isa = PBXBuildFile; fileRef = 3F75479C1E25423F00A126BA /* ViewController.swift */; };
		3F7547A01E25423F00A126BA /* Main.storyboard in Resources */ = {isa = PBXBuildFile; fileRef = 3F75479E1E25423F00A126BA /* Main.storyboard */; };
		3F7547A21E25423F00A126BA /* Assets.xcassets in Resources */ = {isa = PBXBuildFile; fileRef = 3F7547A11E25423F00A126BA /* Assets.xcassets */; };
		3F7547A51E25423F00A126BA /* LaunchScreen.storyboard in Resources */ = {isa = PBXBuildFile; fileRef = 3F7547A31E25423F00A126BA /* LaunchScreen.storyboard */; };
		3F7547B01E25424000A126BA /* SiriTests.swift in Sources */ = {isa = PBXBuildFile; fileRef = 3F7547AF1E25424000A126BA /* SiriTests.swift */; };
		3F7547BB1E25424000A126BA /* SiriUITests.swift in Sources */ = {isa = PBXBuildFile; fileRef = 3F7547BA1E25424000A126BA /* SiriUITests.swift */; };
/* End PBXBuildFile section */

/* Begin PBXContainerItemProxy section */
		3F4372F01E269253009C8D58 /* PBXContainerItemProxy */ = {
			isa = PBXContainerItemProxy;
			containerPortal = 3F75478F1E25423F00A126BA /* Project object */;
			proxyType = 1;
			remoteGlobalIDString = 3F4372E41E269253009C8D58;
			remoteInfo = JarvisUI;
		};
		3F4372F31E269253009C8D58 /* PBXContainerItemProxy */ = {
			isa = PBXContainerItemProxy;
			containerPortal = 3F75478F1E25423F00A126BA /* Project object */;
			proxyType = 1;
			remoteGlobalIDString = 3F4372DB1E269253009C8D58;
			remoteInfo = Jarvis;
		};
		3F7547AC1E25424000A126BA /* PBXContainerItemProxy */ = {
			isa = PBXContainerItemProxy;
			containerPortal = 3F75478F1E25423F00A126BA /* Project object */;
			proxyType = 1;
			remoteGlobalIDString = 3F7547961E25423F00A126BA;
			remoteInfo = Siri;
		};
		3F7547B71E25424000A126BA /* PBXContainerItemProxy */ = {
			isa = PBXContainerItemProxy;
			containerPortal = 3F75478F1E25423F00A126BA /* Project object */;
			proxyType = 1;
			remoteGlobalIDString = 3F7547961E25423F00A126BA;
			remoteInfo = Siri;
		};
/* End PBXContainerItemProxy section */

/* Begin PBXCopyFilesBuildPhase section */
		3F4372FC1E269253009C8D58 /* Embed App Extensions */ = {
			isa = PBXCopyFilesBuildPhase;
			buildActionMask = 2147483647;
			dstPath = "";
			dstSubfolderSpec = 13;
			files = (
				3F4372F21E269253009C8D58 /* JarvisUI.appex in Embed App Extensions */,
				3F4372F51E269253009C8D58 /* Jarvis.appex in Embed App Extensions */,
			);
			name = "Embed App Extensions";
			runOnlyForDeploymentPostprocessing = 0;
		};
/* End PBXCopyFilesBuildPhase section */

/* Begin PBXFileReference section */
		3F3D908A1E27E54D00077F93 /* Siri.entitlements */ = {isa = PBXFileReference; lastKnownFileType = text.plist.entitlements; path = Siri.entitlements; sourceTree = "<group>"; };
		3F4372DC1E269253009C8D58 /* Jarvis.appex */ = {isa = PBXFileReference; explicitFileType = "wrapper.app-extension"; includeInIndex = 0; path = Jarvis.appex; sourceTree = BUILT_PRODUCTS_DIR; };
		3F4372DE1E269253009C8D58 /* IntentHandler.swift */ = {isa = PBXFileReference; lastKnownFileType = sourcecode.swift; path = IntentHandler.swift; sourceTree = "<group>"; };
		3F4372E01E269253009C8D58 /* Info.plist */ = {isa = PBXFileReference; lastKnownFileType = text.plist.xml; path = Info.plist; sourceTree = "<group>"; };
		3F4372E51E269253009C8D58 /* JarvisUI.appex */ = {isa = PBXFileReference; explicitFileType = "wrapper.app-extension"; includeInIndex = 0; path = JarvisUI.appex; sourceTree = BUILT_PRODUCTS_DIR; };
		3F4372E71E269253009C8D58 /* IntentsUI.framework */ = {isa = PBXFileReference; lastKnownFileType = wrapper.framework; name = IntentsUI.framework; path = System/Library/Frameworks/IntentsUI.framework; sourceTree = SDKROOT; };
		3F4372EA1E269253009C8D58 /* IntentViewController.swift */ = {isa = PBXFileReference; lastKnownFileType = sourcecode.swift; path = IntentViewController.swift; sourceTree = "<group>"; };
		3F4372ED1E269253009C8D58 /* Base */ = {isa = PBXFileReference; lastKnownFileType = file.storyboard; name = Base; path = Base.lproj/MainInterface.storyboard; sourceTree = "<group>"; };
		3F4372EF1E269253009C8D58 /* Info.plist */ = {isa = PBXFileReference; lastKnownFileType = text.plist.xml; path = Info.plist; sourceTree = "<group>"; };
		3F4372FD1E2694F1009C8D58 /* Handler.swift */ = {isa = PBXFileReference; fileEncoding = 4; lastKnownFileType = sourcecode.swift; path = Handler.swift; sourceTree = "<group>"; };
		3F7547971E25423F00A126BA /* Siri.app */ = {isa = PBXFileReference; explicitFileType = wrapper.application; includeInIndex = 0; path = Siri.app; sourceTree = BUILT_PRODUCTS_DIR; };
		3F75479A1E25423F00A126BA /* AppDelegate.swift */ = {isa = PBXFileReference; lastKnownFileType = sourcecode.swift; path = AppDelegate.swift; sourceTree = "<group>"; };
		3F75479C1E25423F00A126BA /* ViewController.swift */ = {isa = PBXFileReference; lastKnownFileType = sourcecode.swift; path = ViewController.swift; sourceTree = "<group>"; };
		3F75479F1E25423F00A126BA /* Base */ = {isa = PBXFileReference; lastKnownFileType = file.storyboard; name = Base; path = Base.lproj/Main.storyboard; sourceTree = "<group>"; };
		3F7547A11E25423F00A126BA /* Assets.xcassets */ = {isa = PBXFileReference; lastKnownFileType = folder.assetcatalog; path = Assets.xcassets; sourceTree = "<group>"; };
		3F7547A41E25423F00A126BA /* Base */ = {isa = PBXFileReference; lastKnownFileType = file.storyboard; name = Base; path = Base.lproj/LaunchScreen.storyboard; sourceTree = "<group>"; };
		3F7547A61E25423F00A126BA /* Info.plist */ = {isa = PBXFileReference; lastKnownFileType = text.plist.xml; path = Info.plist; sourceTree = "<group>"; };
		3F7547AB1E25424000A126BA /* SiriTests.xctest */ = {isa = PBXFileReference; explicitFileType = wrapper.cfbundle; includeInIndex = 0; path = SiriTests.xctest; sourceTree = BUILT_PRODUCTS_DIR; };
		3F7547AF1E25424000A126BA /* SiriTests.swift */ = {isa = PBXFileReference; lastKnownFileType = sourcecode.swift; path = SiriTests.swift; sourceTree = "<group>"; };
		3F7547B11E25424000A126BA /* Info.plist */ = {isa = PBXFileReference; lastKnownFileType = text.plist.xml; path = Info.plist; sourceTree = "<group>"; };
		3F7547B61E25424000A126BA /* SiriUITests.xctest */ = {isa = PBXFileReference; explicitFileType = wrapper.cfbundle; includeInIndex = 0; path = SiriUITests.xctest; sourceTree = BUILT_PRODUCTS_DIR; };
		3F7547BA1E25424000A126BA /* SiriUITests.swift */ = {isa = PBXFileReference; lastKnownFileType = sourcecode.swift; path = SiriUITests.swift; sourceTree = "<group>"; };
		3F7547BC1E25424000A126BA /* Info.plist */ = {isa = PBXFileReference; lastKnownFileType = text.plist.xml; path = Info.plist; sourceTree = "<group>"; };
/* End PBXFileReference section */

/* Begin PBXFrameworksBuildPhase section */
		3F4372D91E269253009C8D58 /* Frameworks */ = {
			isa = PBXFrameworksBuildPhase;
			buildActionMask = 2147483647;
			files = (
			);
			runOnlyForDeploymentPostprocessing = 0;
		};
		3F4372E21E269253009C8D58 /* Frameworks */ = {
			isa = PBXFrameworksBuildPhase;
			buildActionMask = 2147483647;
			files = (
				3F4372E81E269253009C8D58 /* IntentsUI.framework in Frameworks */,
			);
			runOnlyForDeploymentPostprocessing = 0;
		};
		3F7547941E25423F00A126BA /* Frameworks */ = {
			isa = PBXFrameworksBuildPhase;
			buildActionMask = 2147483647;
			files = (
			);
			runOnlyForDeploymentPostprocessing = 0;
		};
		3F7547A81E25424000A126BA /* Frameworks */ = {
			isa = PBXFrameworksBuildPhase;
			buildActionMask = 2147483647;
			files = (
			);
			runOnlyForDeploymentPostprocessing = 0;
		};
		3F7547B31E25424000A126BA /* Frameworks */ = {
			isa = PBXFrameworksBuildPhase;
			buildActionMask = 2147483647;
			files = (
			);
			runOnlyForDeploymentPostprocessing = 0;
		};
/* End PBXFrameworksBuildPhase section */

/* Begin PBXGroup section */
		3F4372DD1E269253009C8D58 /* Jarvis */ = {
			isa = PBXGroup;
			children = (
				3F4372DE1E269253009C8D58 /* IntentHandler.swift */,
				3F4372FD1E2694F1009C8D58 /* Handler.swift */,
				3F4372E01E269253009C8D58 /* Info.plist */,
			);
			path = Jarvis;
			sourceTree = "<group>";
		};
		3F4372E61E269253009C8D58 /* Frameworks */ = {
			isa = PBXGroup;
			children = (
				3F4372E71E269253009C8D58 /* IntentsUI.framework */,
			);
			name = Frameworks;
			sourceTree = "<group>";
		};
		3F4372E91E269253009C8D58 /* JarvisUI */ = {
			isa = PBXGroup;
			children = (
				3F4372EA1E269253009C8D58 /* IntentViewController.swift */,
				3F4372EC1E269253009C8D58 /* MainInterface.storyboard */,
				3F4372EF1E269253009C8D58 /* Info.plist */,
			);
			path = JarvisUI;
			sourceTree = "<group>";
		};
		3F75478E1E25423F00A126BA = {
			isa = PBXGroup;
			children = (
				3F7547991E25423F00A126BA /* Siri */,
				3F7547AE1E25424000A126BA /* SiriTests */,
				3F7547B91E25424000A126BA /* SiriUITests */,
				3F4372DD1E269253009C8D58 /* Jarvis */,
				3F4372E91E269253009C8D58 /* JarvisUI */,
				3F4372E61E269253009C8D58 /* Frameworks */,
				3F7547981E25423F00A126BA /* Products */,
			);
			sourceTree = "<group>";
		};
		3F7547981E25423F00A126BA /* Products */ = {
			isa = PBXGroup;
			children = (
				3F7547971E25423F00A126BA /* Siri.app */,
				3F7547AB1E25424000A126BA /* SiriTests.xctest */,
				3F7547B61E25424000A126BA /* SiriUITests.xctest */,
				3F4372DC1E269253009C8D58 /* Jarvis.appex */,
				3F4372E51E269253009C8D58 /* JarvisUI.appex */,
			);
			name = Products;
			sourceTree = "<group>";
		};
		3F7547991E25423F00A126BA /* Siri */ = {
			isa = PBXGroup;
			children = (
				3F3D908A1E27E54D00077F93 /* Siri.entitlements */,
				3F75479A1E25423F00A126BA /* AppDelegate.swift */,
				3F75479C1E25423F00A126BA /* ViewController.swift */,
				3F75479E1E25423F00A126BA /* Main.storyboard */,
				3F7547A11E25423F00A126BA /* Assets.xcassets */,
				3F7547A31E25423F00A126BA /* LaunchScreen.storyboard */,
				3F7547A61E25423F00A126BA /* Info.plist */,
			);
			path = Siri;
			sourceTree = "<group>";
		};
		3F7547AE1E25424000A126BA /* SiriTests */ = {
			isa = PBXGroup;
			children = (
				3F7547AF1E25424000A126BA /* SiriTests.swift */,
				3F7547B11E25424000A126BA /* Info.plist */,
			);
			path = SiriTests;
			sourceTree = "<group>";
		};
		3F7547B91E25424000A126BA /* SiriUITests */ = {
			isa = PBXGroup;
			children = (
				3F7547BA1E25424000A126BA /* SiriUITests.swift */,
				3F7547BC1E25424000A126BA /* Info.plist */,
			);
			path = SiriUITests;
			sourceTree = "<group>";
		};
/* End PBXGroup section */

/* Begin PBXNativeTarget section */
		3F4372DB1E269253009C8D58 /* Jarvis */ = {
			isa = PBXNativeTarget;
			buildConfigurationList = 3F4372FB1E269253009C8D58 /* Build configuration list for PBXNativeTarget "Jarvis" */;
			buildPhases = (
				3F4372D81E269253009C8D58 /* Sources */,
				3F4372D91E269253009C8D58 /* Frameworks */,
				3F4372DA1E269253009C8D58 /* Resources */,
			);
			buildRules = (
			);
			dependencies = (
			);
			name = Jarvis;
			productName = Jarvis;
			productReference = 3F4372DC1E269253009C8D58 /* Jarvis.appex */;
			productType = "com.apple.product-type.app-extension";
		};
		3F4372E41E269253009C8D58 /* JarvisUI */ = {
			isa = PBXNativeTarget;
			buildConfigurationList = 3F4372FA1E269253009C8D58 /* Build configuration list for PBXNativeTarget "JarvisUI" */;
			buildPhases = (
				3F4372E11E269253009C8D58 /* Sources */,
				3F4372E21E269253009C8D58 /* Frameworks */,
				3F4372E31E269253009C8D58 /* Resources */,
			);
			buildRules = (
			);
			dependencies = (
			);
			name = JarvisUI;
			productName = JarvisUI;
			productReference = 3F4372E51E269253009C8D58 /* JarvisUI.appex */;
			productType = "com.apple.product-type.app-extension";
		};
		3F7547961E25423F00A126BA /* Siri */ = {
			isa = PBXNativeTarget;
			buildConfigurationList = 3F7547BF1E25424000A126BA /* Build configuration list for PBXNativeTarget "Siri" */;
			buildPhases = (
				3F7547931E25423F00A126BA /* Sources */,
				3F7547941E25423F00A126BA /* Frameworks */,
				3F7547951E25423F00A126BA /* Resources */,
				3F4372FC1E269253009C8D58 /* Embed App Extensions */,
			);
			buildRules = (
			);
			dependencies = (
				3F4372F11E269253009C8D58 /* PBXTargetDependency */,
				3F4372F41E269253009C8D58 /* PBXTargetDependency */,
			);
			name = Siri;
			productName = Siri;
			productReference = 3F7547971E25423F00A126BA /* Siri.app */;
			productType = "com.apple.product-type.application";
		};
		3F7547AA1E25424000A126BA /* SiriTests */ = {
			isa = PBXNativeTarget;
			buildConfigurationList = 3F7547C21E25424000A126BA /* Build configuration list for PBXNativeTarget "SiriTests" */;
			buildPhases = (
				3F7547A71E25424000A126BA /* Sources */,
				3F7547A81E25424000A126BA /* Frameworks */,
				3F7547A91E25424000A126BA /* Resources */,
			);
			buildRules = (
			);
			dependencies = (
				3F7547AD1E25424000A126BA /* PBXTargetDependency */,
			);
			name = SiriTests;
			productName = SiriTests;
			productReference = 3F7547AB1E25424000A126BA /* SiriTests.xctest */;
			productType = "com.apple.product-type.bundle.unit-test";
		};
		3F7547B51E25424000A126BA /* SiriUITests */ = {
			isa = PBXNativeTarget;
			buildConfigurationList = 3F7547C51E25424000A126BA /* Build configuration list for PBXNativeTarget "SiriUITests" */;
			buildPhases = (
				3F7547B21E25424000A126BA /* Sources */,
				3F7547B31E25424000A126BA /* Frameworks */,
				3F7547B41E25424000A126BA /* Resources */,
			);
			buildRules = (
			);
			dependencies = (
				3F7547B81E25424000A126BA /* PBXTargetDependency */,
			);
			name = SiriUITests;
			productName = SiriUITests;
			productReference = 3F7547B61E25424000A126BA /* SiriUITests.xctest */;
			productType = "com.apple.product-type.bundle.ui-testing";
		};
/* End PBXNativeTarget section */

/* Begin PBXProject section */
		3F75478F1E25423F00A126BA /* Project object */ = {
			isa = PBXProject;
			attributes = {
				LastSwiftUpdateCheck = 0800;
				LastUpgradeCheck = 0820;
				ORGANIZATIONNAME = Jack;
				TargetAttributes = {
					3F4372DB1E269253009C8D58 = {
						CreatedOnToolsVersion = 8.0;
						ProvisioningStyle = Automatic;
					};
					3F4372E41E269253009C8D58 = {
						CreatedOnToolsVersion = 8.0;
						ProvisioningStyle = Automatic;
					};
					3F7547961E25423F00A126BA = {
						CreatedOnToolsVersion = 8.2.1;
						DevelopmentTeam = SS74D43GDA;
						ProvisioningStyle = Automatic;
						SystemCapabilities = {
							com.apple.Siri = {
								enabled = 1;
							};
						};
					};
					3F7547AA1E25424000A126BA = {
						CreatedOnToolsVersion = 8.2.1;
						ProvisioningStyle = Automatic;
						TestTargetID = 3F7547961E25423F00A126BA;
					};
					3F7547B51E25424000A126BA = {
						CreatedOnToolsVersion = 8.2.1;
						ProvisioningStyle = Automatic;
						TestTargetID = 3F7547961E25423F00A126BA;
					};
				};
			};
			buildConfigurationList = 3F7547921E25423F00A126BA /* Build configuration list for PBXProject "Siri" */;
			compatibilityVersion = "Xcode 3.2";
			developmentRegion = English;
			hasScannedForEncodings = 0;
			knownRegions = (
				en,
				Base,
			);
			mainGroup = 3F75478E1E25423F00A126BA;
			productRefGroup = 3F7547981E25423F00A126BA /* Products */;
			projectDirPath = "";
			projectRoot = "";
			targets = (
				3F7547961E25423F00A126BA /* Siri */,
				3F7547AA1E25424000A126BA /* SiriTests */,
				3F7547B51E25424000A126BA /* SiriUITests */,
				3F4372DB1E269253009C8D58 /* Jarvis */,
				3F4372E41E269253009C8D58 /* JarvisUI */,
			);
		};
/* End PBXProject section */

/* Begin PBXResourcesBuildPhase section */
		3F4372DA1E269253009C8D58 /* Resources */ = {
			isa = PBXResourcesBuildPhase;
			buildActionMask = 2147483647;
			files = (
			);
			runOnlyForDeploymentPostprocessing = 0;
		};
		3F4372E31E269253009C8D58 /* Resources */ = {
			isa = PBXResourcesBuildPhase;
			buildActionMask = 2147483647;
			files = (
				3F4372EE1E269253009C8D58 /* MainInterface.storyboard in Resources */,
			);
			runOnlyForDeploymentPostprocessing = 0;
		};
		3F7547951E25423F00A126BA /* Resources */ = {
			isa = PBXResourcesBuildPhase;
			buildActionMask = 2147483647;
			files = (
				3F7547A51E25423F00A126BA /* LaunchScreen.storyboard in Resources */,
				3F7547A21E25423F00A126BA /* Assets.xcassets in Resources */,
				3F7547A01E25423F00A126BA /* Main.storyboard in Resources */,
			);
			runOnlyForDeploymentPostprocessing = 0;
		};
		3F7547A91E25424000A126BA /* Resources */ = {
			isa = PBXResourcesBuildPhase;
			buildActionMask = 2147483647;
			files = (
			);
			runOnlyForDeploymentPostprocessing = 0;
		};
		3F7547B41E25424000A126BA /* Resources */ = {
			isa = PBXResourcesBuildPhase;
			buildActionMask = 2147483647;
			files = (
			);
			runOnlyForDeploymentPostprocessing = 0;
		};
/* End PBXResourcesBuildPhase section */

/* Begin PBXSourcesBuildPhase section */
		3F4372D81E269253009C8D58 /* Sources */ = {
			isa = PBXSourcesBuildPhase;
			buildActionMask = 2147483647;
			files = (
				3F4372FE1E2694F1009C8D58 /* Handler.swift in Sources */,
				3F4372DF1E269253009C8D58 /* IntentHandler.swift in Sources */,
			);
			runOnlyForDeploymentPostprocessing = 0;
		};
		3F4372E11E269253009C8D58 /* Sources */ = {
			isa = PBXSourcesBuildPhase;
			buildActionMask = 2147483647;
			files = (
				3F4372EB1E269253009C8D58 /* IntentViewController.swift in Sources */,
			);
			runOnlyForDeploymentPostprocessing = 0;
		};
		3F7547931E25423F00A126BA /* Sources */ = {
			isa = PBXSourcesBuildPhase;
			buildActionMask = 2147483647;
			files = (
				3F75479D1E25423F00A126BA /* ViewController.swift in Sources */,
				3F75479B1E25423F00A126BA /* AppDelegate.swift in Sources */,
			);
			runOnlyForDeploymentPostprocessing = 0;
		};
		3F7547A71E25424000A126BA /* Sources */ = {
			isa = PBXSourcesBuildPhase;
			buildActionMask = 2147483647;
			files = (
				3F7547B01E25424000A126BA /* SiriTests.swift in Sources */,
			);
			runOnlyForDeploymentPostprocessing = 0;
		};
		3F7547B21E25424000A126BA /* Sources */ = {
			isa = PBXSourcesBuildPhase;
			buildActionMask = 2147483647;
			files = (
				3F7547BB1E25424000A126BA /* SiriUITests.swift in Sources */,
			);
			runOnlyForDeploymentPostprocessing = 0;
		};
/* End PBXSourcesBuildPhase section */

/* Begin PBXTargetDependency section */
		3F4372F11E269253009C8D58 /* PBXTargetDependency */ = {
			isa = PBXTargetDependency;
			target = 3F4372E41E269253009C8D58 /* JarvisUI */;
			targetProxy = 3F4372F01E269253009C8D58 /* PBXContainerItemProxy */;
		};
		3F4372F41E269253009C8D58 /* PBXTargetDependency */ = {
			isa = PBXTargetDependency;
			target = 3F4372DB1E269253009C8D58 /* Jarvis */;
			targetProxy = 3F4372F31E269253009C8D58 /* PBXContainerItemProxy */;
		};
		3F7547AD1E25424000A126BA /* PBXTargetDependency */ = {
			isa = PBXTargetDependency;
			target = 3F7547961E25423F00A126BA /* Siri */;
			targetProxy = 3F7547AC1E25424000A126BA /* PBXContainerItemProxy */;
		};
		3F7547B81E25424000A126BA /* PBXTargetDependency */ = {
			isa = PBXTargetDependency;
			target = 3F7547961E25423F00A126BA /* Siri */;
			targetProxy = 3F7547B71E25424000A126BA /* PBXContainerItemProxy */;
		};
/* End PBXTargetDependency section */

/* Begin PBXVariantGroup section */
		3F4372EC1E269253009C8D58 /* MainInterface.storyboard */ = {
			isa = PBXVariantGroup;
			children = (
				3F4372ED1E269253009C8D58 /* Base */,
			);
			name = MainInterface.storyboard;
			sourceTree = "<group>";
		};
		3F75479E1E25423F00A126BA /* Main.storyboard */ = {
			isa = PBXVariantGroup;
			children = (
				3F75479F1E25423F00A126BA /* Base */,
			);
			name = Main.storyboard;
			sourceTree = "<group>";
		};
		3F7547A31E25423F00A126BA /* LaunchScreen.storyboard */ = {
			isa = PBXVariantGroup;
			children = (
				3F7547A41E25423F00A126BA /* Base */,
			);
			name = LaunchScreen.storyboard;
			sourceTree = "<group>";
		};
/* End PBXVariantGroup section */

/* Begin XCBuildConfiguration section */
		3F4372F61E269253009C8D58 /* Debug */ = {
			isa = XCBuildConfiguration;
			buildSettings = {
				CLANG_WARN_SUSPICIOUS_MOVES = YES;
				INFOPLIST_FILE = Jarvis/Info.plist;
				IPHONEOS_DEPLOYMENT_TARGET = 10.0;
				LD_RUNPATH_SEARCH_PATHS = "$(inherited) @executable_path/Frameworks @executable_path/../../Frameworks";
				PRODUCT_BUNDLE_IDENTIFIER = BHS.Siri.Jarvis;
				PRODUCT_NAME = "$(TARGET_NAME)";
				SKIP_INSTALL = YES;
				SWIFT_VERSION = 3.0;
			};
			name = Debug;
		};
		3F4372F71E269253009C8D58 /* Release */ = {
			isa = XCBuildConfiguration;
			buildSettings = {
				CLANG_WARN_SUSPICIOUS_MOVES = YES;
				INFOPLIST_FILE = Jarvis/Info.plist;
				IPHONEOS_DEPLOYMENT_TARGET = 10.0;
				LD_RUNPATH_SEARCH_PATHS = "$(inherited) @executable_path/Frameworks @executable_path/../../Frameworks";
				PRODUCT_BUNDLE_IDENTIFIER = BHS.Siri.Jarvis;
				PRODUCT_NAME = "$(TARGET_NAME)";
				SKIP_INSTALL = YES;
				SWIFT_VERSION = 3.0;
			};
			name = Release;
		};
		3F4372F81E269253009C8D58 /* Debug */ = {
			isa = XCBuildConfiguration;
			buildSettings = {
				CLANG_WARN_SUSPICIOUS_MOVES = YES;
				INFOPLIST_FILE = JarvisUI/Info.plist;
				IPHONEOS_DEPLOYMENT_TARGET = 10.0;
				LD_RUNPATH_SEARCH_PATHS = "$(inherited) @executable_path/Frameworks @executable_path/../../Frameworks";
				PRODUCT_BUNDLE_IDENTIFIER = BHS.Siri.JarvisUI;
				PRODUCT_NAME = "$(TARGET_NAME)";
				SKIP_INSTALL = YES;
				SWIFT_VERSION = 3.0;
			};
			name = Debug;
		};
		3F4372F91E269253009C8D58 /* Release */ = {
			isa = XCBuildConfiguration;
			buildSettings = {
				CLANG_WARN_SUSPICIOUS_MOVES = YES;
				INFOPLIST_FILE = JarvisUI/Info.plist;
				IPHONEOS_DEPLOYMENT_TARGET = 10.0;
				LD_RUNPATH_SEARCH_PATHS = "$(inherited) @executable_path/Frameworks @executable_path/../../Frameworks";
				PRODUCT_BUNDLE_IDENTIFIER = BHS.Siri.JarvisUI;
				PRODUCT_NAME = "$(TARGET_NAME)";
				SKIP_INSTALL = YES;
				SWIFT_VERSION = 3.0;
			};
			name = Release;
		};
		3F7547BD1E25424000A126BA /* Debug */ = {
			isa = XCBuildConfiguration;
			buildSettings = {
				ALWAYS_SEARCH_USER_PATHS = NO;
				CLANG_ANALYZER_NONNULL = YES;
				CLANG_CXX_LANGUAGE_STANDARD = "gnu++0x";
				CLANG_CXX_LIBRARY = "libc++";
				CLANG_ENABLE_MODULES = YES;
				CLANG_ENABLE_OBJC_ARC = YES;
				CLANG_WARN_BOOL_CONVERSION = YES;
				CLANG_WARN_CONSTANT_CONVERSION = YES;
				CLANG_WARN_DIRECT_OBJC_ISA_USAGE = YES_ERROR;
				CLANG_WARN_DOCUMENTATION_COMMENTS = YES;
				CLANG_WARN_EMPTY_BODY = YES;
				CLANG_WARN_ENUM_CONVERSION = YES;
				CLANG_WARN_INFINITE_RECURSION = YES;
				CLANG_WARN_INT_CONVERSION = YES;
				CLANG_WARN_OBJC_ROOT_CLASS = YES_ERROR;
				CLANG_WARN_SUSPICIOUS_MOVE = YES;
				CLANG_WARN_UNREACHABLE_CODE = YES;
				CLANG_WARN__DUPLICATE_METHOD_MATCH = YES;
				"CODE_SIGN_IDENTITY[sdk=iphoneos*]" = "iPhone Developer";
				COPY_PHASE_STRIP = NO;
				DEBUG_INFORMATION_FORMAT = dwarf;
				ENABLE_STRICT_OBJC_MSGSEND = YES;
				ENABLE_TESTABILITY = YES;
				GCC_C_LANGUAGE_STANDARD = gnu99;
				GCC_DYNAMIC_NO_PIC = NO;
				GCC_NO_COMMON_BLOCKS = YES;
				GCC_OPTIMIZATION_LEVEL = 0;
				GCC_PREPROCESSOR_DEFINITIONS = (
					"DEBUG=1",
					"$(inherited)",
				);
				GCC_WARN_64_TO_32_BIT_CONVERSION = YES;
				GCC_WARN_ABOUT_RETURN_TYPE = YES_ERROR;
				GCC_WARN_UNDECLARED_SELECTOR = YES;
				GCC_WARN_UNINITIALIZED_AUTOS = YES_AGGRESSIVE;
				GCC_WARN_UNUSED_FUNCTION = YES;
				GCC_WARN_UNUSED_VARIABLE = YES;
				IPHONEOS_DEPLOYMENT_TARGET = 10.2;
				MTL_ENABLE_DEBUG_INFO = YES;
				ONLY_ACTIVE_ARCH = YES;
				SDKROOT = iphoneos;
				SWIFT_ACTIVE_COMPILATION_CONDITIONS = DEBUG;
				SWIFT_OPTIMIZATION_LEVEL = "-Onone";
				TARGETED_DEVICE_FAMILY = "1,2";
			};
			name = Debug;
		};
		3F7547BE1E25424000A126BA /* Release */ = {
			isa = XCBuildConfiguration;
			buildSettings = {
				ALWAYS_SEARCH_USER_PATHS = NO;
				CLANG_ANALYZER_NONNULL = YES;
				CLANG_CXX_LANGUAGE_STANDARD = "gnu++0x";
				CLANG_CXX_LIBRARY = "libc++";
				CLANG_ENABLE_MODULES = YES;
				CLANG_ENABLE_OBJC_ARC = YES;
				CLANG_WARN_BOOL_CONVERSION = YES;
				CLANG_WARN_CONSTANT_CONVERSION = YES;
				CLANG_WARN_DIRECT_OBJC_ISA_USAGE = YES_ERROR;
				CLANG_WARN_DOCUMENTATION_COMMENTS = YES;
				CLANG_WARN_EMPTY_BODY = YES;
				CLANG_WARN_ENUM_CONVERSION = YES;
				CLANG_WARN_INFINITE_RECURSION = YES;
				CLANG_WARN_INT_CONVERSION = YES;
				CLANG_WARN_OBJC_ROOT_CLASS = YES_ERROR;
				CLANG_WARN_SUSPICIOUS_MOVE = YES;
				CLANG_WARN_UNREACHABLE_CODE = YES;
				CLANG_WARN__DUPLICATE_METHOD_MATCH = YES;
				"CODE_SIGN_IDENTITY[sdk=iphoneos*]" = "iPhone Developer";
				COPY_PHASE_STRIP = NO;
				DEBUG_INFORMATION_FORMAT = "dwarf-with-dsym";
				ENABLE_NS_ASSERTIONS = NO;
				ENABLE_STRICT_OBJC_MSGSEND = YES;
				GCC_C_LANGUAGE_STANDARD = gnu99;
				GCC_NO_COMMON_BLOCKS = YES;
				GCC_WARN_64_TO_32_BIT_CONVERSION = YES;
				GCC_WARN_ABOUT_RETURN_TYPE = YES_ERROR;
				GCC_WARN_UNDECLARED_SELECTOR = YES;
				GCC_WARN_UNINITIALIZED_AUTOS = YES_AGGRESSIVE;
				GCC_WARN_UNUSED_FUNCTION = YES;
				GCC_WARN_UNUSED_VARIABLE = YES;
				IPHONEOS_DEPLOYMENT_TARGET = 10.2;
				MTL_ENABLE_DEBUG_INFO = NO;
				SDKROOT = iphoneos;
				SWIFT_OPTIMIZATION_LEVEL = "-Owholemodule";
				TARGETED_DEVICE_FAMILY = "1,2";
				VALIDATE_PRODUCT = YES;
			};
			name = Release;
		};
		3F7547C01E25424000A126BA /* Debug */ = {
			isa = XCBuildConfiguration;
			buildSettings = {
				ALWAYS_EMBED_SWIFT_STANDARD_LIBRARIES = YES;
				ASSETCATALOG_COMPILER_APPICON_NAME = AppIcon;
				CODE_SIGN_ENTITLEMENTS = Siri/Siri.entitlements;
				DEVELOPMENT_TEAM = SS74D43GDA;
				INFOPLIST_FILE = Siri/Info.plist;
				LD_RUNPATH_SEARCH_PATHS = "$(inherited) @executable_path/Frameworks";
				PRODUCT_BUNDLE_IDENTIFIER = BHS.Siri;
				PRODUCT_NAME = "$(TARGET_NAME)";
				SWIFT_VERSION = 3.0;
			};
			name = Debug;
		};
		3F7547C11E25424000A126BA /* Release */ = {
			isa = XCBuildConfiguration;
			buildSettings = {
				ALWAYS_EMBED_SWIFT_STANDARD_LIBRARIES = YES;
				ASSETCATALOG_COMPILER_APPICON_NAME = AppIcon;
				CODE_SIGN_ENTITLEMENTS = Siri/Siri.entitlements;
				DEVELOPMENT_TEAM = SS74D43GDA;
				INFOPLIST_FILE = Siri/Info.plist;
				LD_RUNPATH_SEARCH_PATHS = "$(inherited) @executable_path/Frameworks";
				PRODUCT_BUNDLE_IDENTIFIER = BHS.Siri;
				PRODUCT_NAME = "$(TARGET_NAME)";
				SWIFT_VERSION = 3.0;
			};
			name = Release;
		};
		3F7547C31E25424000A126BA /* Debug */ = {
			isa = XCBuildConfiguration;
			buildSettings = {
				ALWAYS_EMBED_SWIFT_STANDARD_LIBRARIES = YES;
				BUNDLE_LOADER = "$(TEST_HOST)";
				INFOPLIST_FILE = SiriTests/Info.plist;
				LD_RUNPATH_SEARCH_PATHS = "$(inherited) @executable_path/Frameworks @loader_path/Frameworks";
				PRODUCT_BUNDLE_IDENTIFIER = BHS.SiriTests;
				PRODUCT_NAME = "$(TARGET_NAME)";
				SWIFT_VERSION = 3.0;
				TEST_HOST = "$(BUILT_PRODUCTS_DIR)/Siri.app/Siri";
			};
			name = Debug;
		};
		3F7547C41E25424000A126BA /* Release */ = {
			isa = XCBuildConfiguration;
			buildSettings = {
				ALWAYS_EMBED_SWIFT_STANDARD_LIBRARIES = YES;
				BUNDLE_LOADER = "$(TEST_HOST)";
				INFOPLIST_FILE = SiriTests/Info.plist;
				LD_RUNPATH_SEARCH_PATHS = "$(inherited) @executable_path/Frameworks @loader_path/Frameworks";
				PRODUCT_BUNDLE_IDENTIFIER = BHS.SiriTests;
				PRODUCT_NAME = "$(TARGET_NAME)";
				SWIFT_VERSION = 3.0;
				TEST_HOST = "$(BUILT_PRODUCTS_DIR)/Siri.app/Siri";
			};
			name = Release;
		};
		3F7547C61E25424000A126BA /* Debug */ = {
			isa = XCBuildConfiguration;
			buildSettings = {
				ALWAYS_EMBED_SWIFT_STANDARD_LIBRARIES = YES;
				INFOPLIST_FILE = SiriUITests/Info.plist;
				LD_RUNPATH_SEARCH_PATHS = "$(inherited) @executable_path/Frameworks @loader_path/Frameworks";
				PRODUCT_BUNDLE_IDENTIFIER = BHS.SiriUITests;
				PRODUCT_NAME = "$(TARGET_NAME)";
				SWIFT_VERSION = 3.0;
				TEST_TARGET_NAME = Siri;
			};
			name = Debug;
		};
		3F7547C71E25424000A126BA /* Release */ = {
			isa = XCBuildConfiguration;
			buildSettings = {
				ALWAYS_EMBED_SWIFT_STANDARD_LIBRARIES = YES;
				INFOPLIST_FILE = SiriUITests/Info.plist;
				LD_RUNPATH_SEARCH_PATHS = "$(inherited) @executable_path/Frameworks @loader_path/Frameworks";
				PRODUCT_BUNDLE_IDENTIFIER = BHS.SiriUITests;
				PRODUCT_NAME = "$(TARGET_NAME)";
				SWIFT_VERSION = 3.0;
				TEST_TARGET_NAME = Siri;
			};
			name = Release;
		};
/* End XCBuildConfiguration section */

/* Begin XCConfigurationList section */
		3F4372FA1E269253009C8D58 /* Build configuration list for PBXNativeTarget "JarvisUI" */ = {
			isa = XCConfigurationList;
			buildConfigurations = (
				3F4372F81E269253009C8D58 /* Debug */,
				3F4372F91E269253009C8D58 /* Release */,
			);
			defaultConfigurationIsVisible = 0;
			defaultConfigurationName = Release;
		};
		3F4372FB1E269253009C8D58 /* Build configuration list for PBXNativeTarget "Jarvis" */ = {
			isa = XCConfigurationList;
			buildConfigurations = (
				3F4372F61E269253009C8D58 /* Debug */,
				3F4372F71E269253009C8D58 /* Release */,
			);
			defaultConfigurationIsVisible = 0;
			defaultConfigurationName = Release;
		};
		3F7547921E25423F00A126BA /* Build configuration list for PBXProject "Siri" */ = {
			isa = XCConfigurationList;
			buildConfigurations = (
				3F7547BD1E25424000A126BA /* Debug */,
				3F7547BE1E25424000A126BA /* Release */,
			);
			defaultConfigurationIsVisible = 0;
			defaultConfigurationName = Release;
		};
		3F7547BF1E25424000A126BA /* Build configuration list for PBXNativeTarget "Siri" */ = {
			isa = XCConfigurationList;
			buildConfigurations = (
				3F7547C01E25424000A126BA /* Debug */,
				3F7547C11E25424000A126BA /* Release */,
			);
			defaultConfigurationIsVisible = 0;
			defaultConfigurationName = Release;
		};
		3F7547C21E25424000A126BA /* Build configuration list for PBXNativeTarget "SiriTests" */ = {
			isa = XCConfigurationList;
			buildConfigurations = (
				3F7547C31E25424000A126BA /* Debug */,
				3F7547C41E25424000A126BA /* Release */,
			);
			defaultConfigurationIsVisible = 0;
			defaultConfigurationName = Release;
		};
		3F7547C51E25424000A126BA /* Build configuration list for PBXNativeTarget "SiriUITests" */ = {
			isa = XCConfigurationList;
			buildConfigurations = (
				3F7547C61E25424000A126BA /* Debug */,
				3F7547C71E25424000A126BA /* Release */,
			);
			defaultConfigurationIsVisible = 0;
			defaultConfigurationName = Release;
		};
/* End XCConfigurationList section */
	};
	rootObject = 3F75478F1E25423F00A126BA /* Project object */;
}
